// !$*UTF8*$!
{
	archiveVersion = 1;
	classes = {
	};
	objectVersion = 55;
	objects = {

/* Begin PBXBuildFile section */
		4C5EE019F04AE465809D732C /* Pods_Assignment.framework in Frameworks */ = {isa = PBXBuildFile; fileRef = 543DDB1EBD5E773D307E8442 /* Pods_Assignment.framework */; };
		52E2336628384675005A0CEF /* AppDelegate.swift in Sources */ = {isa = PBXBuildFile; fileRef = 52E2336528384675005A0CEF /* AppDelegate.swift */; };
		52E2336D28384675005A0CEF /* Main.storyboard in Resources */ = {isa = PBXBuildFile; fileRef = 52E2336B28384675005A0CEF /* Main.storyboard */; };
		52E2336F28384676005A0CEF /* Assets.xcassets in Resources */ = {isa = PBXBuildFile; fileRef = 52E2336E28384676005A0CEF /* Assets.xcassets */; };
		52E2337228384676005A0CEF /* LaunchScreen.storyboard in Resources */ = {isa = PBXBuildFile; fileRef = 52E2337028384676005A0CEF /* LaunchScreen.storyboard */; };
		52E2337B283849EE005A0CEF /* FeedsManager.swift in Sources */ = {isa = PBXBuildFile; fileRef = 52E2337A283849EE005A0CEF /* FeedsManager.swift */; };
		52E2338028384BC9005A0CEF /* Stock.swift in Sources */ = {isa = PBXBuildFile; fileRef = 52E2337F28384BC9005A0CEF /* Stock.swift */; };
		52E2338228384C9E005A0CEF /* NewsFeed.swift in Sources */ = {isa = PBXBuildFile; fileRef = 52E2338128384C9E005A0CEF /* NewsFeed.swift */; };
		52E2338528385295005A0CEF /* StockCell.swift in Sources */ = {isa = PBXBuildFile; fileRef = 52E2338428385295005A0CEF /* StockCell.swift */; };
		52FA2DFF2838E3D50020B395 /* NewsCell.swift in Sources */ = {isa = PBXBuildFile; fileRef = 52FA2DFE2838E3D50020B395 /* NewsCell.swift */; };
		52FA2E0628391B470020B395 /* Feed.swift in Sources */ = {isa = PBXBuildFile; fileRef = 52FA2E0528391B470020B395 /* Feed.swift */; };
		52FA2E08283937FB0020B395 /* TitleHeaderView.swift in Sources */ = {isa = PBXBuildFile; fileRef = 52FA2E07283937FB0020B395 /* TitleHeaderView.swift */; };
		52FA2E0A28393B420020B395 /* OtherNewsCell.swift in Sources */ = {isa = PBXBuildFile; fileRef = 52FA2E0928393B420020B395 /* OtherNewsCell.swift */; };
		52FA2E1D28394F220020B395 /* UINavigationController + Extension.swift in Sources */ = {isa = PBXBuildFile; fileRef = 52FA2E0B28394F210020B395 /* UINavigationController + Extension.swift */; };
		52FA2E1E28394F220020B395 /* UIScrollView + Extension.swift in Sources */ = {isa = PBXBuildFile; fileRef = 52FA2E0C28394F210020B395 /* UIScrollView + Extension.swift */; };
		52FA2E1F28394F220020B395 /* DateFormatter + Extension.swift in Sources */ = {isa = PBXBuildFile; fileRef = 52FA2E0D28394F210020B395 /* DateFormatter + Extension.swift */; };
		52FA2E2028394F220020B395 /* String + Extension.swift in Sources */ = {isa = PBXBuildFile; fileRef = 52FA2E0E28394F210020B395 /* String + Extension.swift */; };
		52FA2E2128394F220020B395 /* UIImage + Extension.swift in Sources */ = {isa = PBXBuildFile; fileRef = 52FA2E0F28394F210020B395 /* UIImage + Extension.swift */; };
		52FA2E2228394F220020B395 /* Array + Extension.swift in Sources */ = {isa = PBXBuildFile; fileRef = 52FA2E1028394F210020B395 /* Array + Extension.swift */; };
		52FA2E2328394F220020B395 /* NSDirectionalEdgeInsets + Extension.swift in Sources */ = {isa = PBXBuildFile; fileRef = 52FA2E1128394F210020B395 /* NSDirectionalEdgeInsets + Extension.swift */; };
		52FA2E2428394F220020B395 /* Collection + Extension.swift in Sources */ = {isa = PBXBuildFile; fileRef = 52FA2E1228394F210020B395 /* Collection + Extension.swift */; };
		52FA2E2528394F220020B395 /* Sequence + Extension.swift in Sources */ = {isa = PBXBuildFile; fileRef = 52FA2E1328394F210020B395 /* Sequence + Extension.swift */; };
		52FA2E2628394F220020B395 /* UIColor + Extension.swift in Sources */ = {isa = PBXBuildFile; fileRef = 52FA2E1428394F210020B395 /* UIColor + Extension.swift */; };
		52FA2E2728394F220020B395 /* Date + Extension.swift in Sources */ = {isa = PBXBuildFile; fileRef = 52FA2E1528394F210020B395 /* Date + Extension.swift */; };
		52FA2E2828394F220020B395 /* Data + Extension.swift in Sources */ = {isa = PBXBuildFile; fileRef = 52FA2E1628394F210020B395 /* Data + Extension.swift */; };
		52FA2E2928394F220020B395 /* UICollectionView + Extension.swift in Sources */ = {isa = PBXBuildFile; fileRef = 52FA2E1728394F210020B395 /* UICollectionView + Extension.swift */; };
		52FA2E2A28394F220020B395 /* UIImageView + Extension.swift in Sources */ = {isa = PBXBuildFile; fileRef = 52FA2E1828394F210020B395 /* UIImageView + Extension.swift */; };
		52FA2E2B28394F220020B395 /* UIDevice + Extension.swift in Sources */ = {isa = PBXBuildFile; fileRef = 52FA2E1928394F210020B395 /* UIDevice + Extension.swift */; };
		52FA2E2C28394F220020B395 /* Double + Extension.swift in Sources */ = {isa = PBXBuildFile; fileRef = 52FA2E1A28394F220020B395 /* Double + Extension.swift */; };
		52FA2E2D28394F220020B395 /* UIViewController + extension.swift in Sources */ = {isa = PBXBuildFile; fileRef = 52FA2E1B28394F220020B395 /* UIViewController + extension.swift */; };
		52FA2E2E28394F220020B395 /* UIFont + Extension.swift in Sources */ = {isa = PBXBuildFile; fileRef = 52FA2E1C28394F220020B395 /* UIFont + Extension.swift */; };
		52FA2E3028394FB60020B395 /* CardView.swift in Sources */ = {isa = PBXBuildFile; fileRef = 52FA2E2F28394FB60020B395 /* CardView.swift */; };
		52FA2E322839500A0020B395 /* RoundedUIImageView.swift in Sources */ = {isa = PBXBuildFile; fileRef = 52FA2E312839500A0020B395 /* RoundedUIImageView.swift */; };
		52FA2E34283950380020B395 /* RoundedCornerUIButton.swift in Sources */ = {isa = PBXBuildFile; fileRef = 52FA2E33283950380020B395 /* RoundedCornerUIButton.swift */; };
		52FA2E40283952CC0020B395 /* ApiClient.swift in Sources */ = {isa = PBXBuildFile; fileRef = 52FA2E3B283952CC0020B395 /* ApiClient.swift */; };
		52FA2E41283952CC0020B395 /* ApiConfig.swift in Sources */ = {isa = PBXBuildFile; fileRef = 52FA2E3C283952CC0020B395 /* ApiConfig.swift */; };
		52FA2E42283952CC0020B395 /* BaseResponse.swift in Sources */ = {isa = PBXBuildFile; fileRef = 52FA2E3E283952CC0020B395 /* BaseResponse.swift */; };
		52FA2E43283952CC0020B395 /* ErrorType.swift in Sources */ = {isa = PBXBuildFile; fileRef = 52FA2E3F283952CC0020B395 /* ErrorType.swift */; };
		52FA2E49283953490020B395 /* ArticleVO.swift in Sources */ = {isa = PBXBuildFile; fileRef = 52FA2E44283953490020B395 /* ArticleVO.swift */; };
		52FA2E4A283953490020B395 /* ErrorVO.swift in Sources */ = {isa = PBXBuildFile; fileRef = 52FA2E45283953490020B395 /* ErrorVO.swift */; };
		52FA2E4B283953490020B395 /* SourceVO.swift in Sources */ = {isa = PBXBuildFile; fileRef = 52FA2E46283953490020B395 /* SourceVO.swift */; };
		52FA2E4C283953490020B395 /* StockVO.swift in Sources */ = {isa = PBXBuildFile; fileRef = 52FA2E47283953490020B395 /* StockVO.swift */; };
		52FA2E4D283953490020B395 /* NewFeedVO.swift in Sources */ = {isa = PBXBuildFile; fileRef = 52FA2E48283953490020B395 /* NewFeedVO.swift */; };
		52FA2E4F2839536F0020B395 /* HomeModel.swift in Sources */ = {isa = PBXBuildFile; fileRef = 52FA2E4E2839536F0020B395 /* HomeModel.swift */; };
		52FA2E5B283953EF0020B395 /* BaseViewModel.swift in Sources */ = {isa = PBXBuildFile; fileRef = 52FA2E52283953EF0020B395 /* BaseViewModel.swift */; };
		52FA2E5C283953EF0020B395 /* BaseCollectionViewCell.swift in Sources */ = {isa = PBXBuildFile; fileRef = 52FA2E55283953EF0020B395 /* BaseCollectionViewCell.swift */; };
		52FA2E5D283953EF0020B395 /* BaseViewController.swift in Sources */ = {isa = PBXBuildFile; fileRef = 52FA2E57283953EF0020B395 /* BaseViewController.swift */; };
		52FA2E5E283953EF0020B395 /* BaseView.swift in Sources */ = {isa = PBXBuildFile; fileRef = 52FA2E58283953EF0020B395 /* BaseView.swift */; };
		52FA2E5F283953EF0020B395 /* BaseViewController.xib in Resources */ = {isa = PBXBuildFile; fileRef = 52FA2E5A283953EF0020B395 /* BaseViewController.xib */; };
		52FA2E63283955AE0020B395 /* ErrorHandlerView.xib in Resources */ = {isa = PBXBuildFile; fileRef = 52FA2E61283955AE0020B395 /* ErrorHandlerView.xib */; };
		52FA2E64283955AE0020B395 /* ErrorHandlerView.swift in Sources */ = {isa = PBXBuildFile; fileRef = 52FA2E62283955AE0020B395 /* ErrorHandlerView.swift */; };
		52FA2E66283956280020B395 /* AppScreens.swift in Sources */ = {isa = PBXBuildFile; fileRef = 52FA2E65283956280020B395 /* AppScreens.swift */; };
		52FA2E77283989220020B395 /* HomeViewModel.swift in Sources */ = {isa = PBXBuildFile; fileRef = 52FA2E6A283989220020B395 /* HomeViewModel.swift */; };
		52FA2E78283989220020B395 /* NewFeedHorizontalItemCollectionViewCell.xib in Resources */ = {isa = PBXBuildFile; fileRef = 52FA2E6D283989220020B395 /* NewFeedHorizontalItemCollectionViewCell.xib */; };
		52FA2E79283989220020B395 /* NewFeedItemCollectionViewCell.xib in Resources */ = {isa = PBXBuildFile; fileRef = 52FA2E6E283989220020B395 /* NewFeedItemCollectionViewCell.xib */; };
		52FA2E7A283989220020B395 /* StockPriceItemCollectionViewCell.xib in Resources */ = {isa = PBXBuildFile; fileRef = 52FA2E6F283989220020B395 /* StockPriceItemCollectionViewCell.xib */; };
		52FA2E7B283989220020B395 /* NewFeedItemCollectionViewCell.swift in Sources */ = {isa = PBXBuildFile; fileRef = 52FA2E71283989220020B395 /* NewFeedItemCollectionViewCell.swift */; };
		52FA2E7C283989220020B395 /* NewFeedHorizontalItemCollectionViewCell.swift in Sources */ = {isa = PBXBuildFile; fileRef = 52FA2E72283989220020B395 /* NewFeedHorizontalItemCollectionViewCell.swift */; };
		52FA2E7D283989220020B395 /* StockPriceItemCollectionViewCell.swift in Sources */ = {isa = PBXBuildFile; fileRef = 52FA2E73283989220020B395 /* StockPriceItemCollectionViewCell.swift */; };
		52FA2E7E283989220020B395 /* HomeCollectionViewController.swift in Sources */ = {isa = PBXBuildFile; fileRef = 52FA2E75283989220020B395 /* HomeCollectionViewController.swift */; };
		52FA2E9228398E7C0020B395 /* Poppins-ExtraLight.ttf in Resources */ = {isa = PBXBuildFile; fileRef = 52FA2E8028398E7C0020B395 /* Poppins-ExtraLight.ttf */; };
		52FA2E9328398E7C0020B395 /* Poppins-ThinItalic.ttf in Resources */ = {isa = PBXBuildFile; fileRef = 52FA2E8128398E7C0020B395 /* Poppins-ThinItalic.ttf */; };
		52FA2E9428398E7C0020B395 /* Poppins-ExtraLightItalic.ttf in Resources */ = {isa = PBXBuildFile; fileRef = 52FA2E8228398E7C0020B395 /* Poppins-ExtraLightItalic.ttf */; };
		52FA2E9528398E7C0020B395 /* Poppins-BoldItalic.ttf in Resources */ = {isa = PBXBuildFile; fileRef = 52FA2E8328398E7C0020B395 /* Poppins-BoldItalic.ttf */; };
		52FA2E9628398E7C0020B395 /* Poppins-Light.ttf in Resources */ = {isa = PBXBuildFile; fileRef = 52FA2E8428398E7C0020B395 /* Poppins-Light.ttf */; };
		52FA2E9728398E7C0020B395 /* Poppins-Medium.ttf in Resources */ = {isa = PBXBuildFile; fileRef = 52FA2E8528398E7C0020B395 /* Poppins-Medium.ttf */; };
		52FA2E9828398E7C0020B395 /* Poppins-SemiBoldItalic.ttf in Resources */ = {isa = PBXBuildFile; fileRef = 52FA2E8628398E7C0020B395 /* Poppins-SemiBoldItalic.ttf */; };
		52FA2E9928398E7C0020B395 /* Poppins-ExtraBoldItalic.ttf in Resources */ = {isa = PBXBuildFile; fileRef = 52FA2E8728398E7C0020B395 /* Poppins-ExtraBoldItalic.ttf */; };
		52FA2E9A28398E7C0020B395 /* Poppins-ExtraBold.ttf in Resources */ = {isa = PBXBuildFile; fileRef = 52FA2E8828398E7C0020B395 /* Poppins-ExtraBold.ttf */; };
		52FA2E9B28398E7C0020B395 /* Poppins-BlackItalic.ttf in Resources */ = {isa = PBXBuildFile; fileRef = 52FA2E8928398E7C0020B395 /* Poppins-BlackItalic.ttf */; };
		52FA2E9C28398E7C0020B395 /* Poppins-Regular.ttf in Resources */ = {isa = PBXBuildFile; fileRef = 52FA2E8A28398E7C0020B395 /* Poppins-Regular.ttf */; };
		52FA2E9D28398E7C0020B395 /* Poppins-LightItalic.ttf in Resources */ = {isa = PBXBuildFile; fileRef = 52FA2E8B28398E7C0020B395 /* Poppins-LightItalic.ttf */; };
		52FA2E9E28398E7C0020B395 /* Poppins-Bold.ttf in Resources */ = {isa = PBXBuildFile; fileRef = 52FA2E8C28398E7C0020B395 /* Poppins-Bold.ttf */; };
		52FA2E9F28398E7C0020B395 /* Poppins-Black.ttf in Resources */ = {isa = PBXBuildFile; fileRef = 52FA2E8D28398E7C0020B395 /* Poppins-Black.ttf */; };
		52FA2EA028398E7C0020B395 /* Poppins-Thin.ttf in Resources */ = {isa = PBXBuildFile; fileRef = 52FA2E8E28398E7C0020B395 /* Poppins-Thin.ttf */; };
		52FA2EA128398E7C0020B395 /* Poppins-SemiBold.ttf in Resources */ = {isa = PBXBuildFile; fileRef = 52FA2E8F28398E7C0020B395 /* Poppins-SemiBold.ttf */; };
		52FA2EA228398E7C0020B395 /* Poppins-Italic.ttf in Resources */ = {isa = PBXBuildFile; fileRef = 52FA2E9028398E7C0020B395 /* Poppins-Italic.ttf */; };
		52FA2EA328398E7C0020B395 /* Poppins-MediumItalic.ttf in Resources */ = {isa = PBXBuildFile; fileRef = 52FA2E9128398E7C0020B395 /* Poppins-MediumItalic.ttf */; };
/* End PBXBuildFile section */

/* Begin PBXFileReference section */
		52E2336228384675005A0CEF /* Assignment.app */ = {isa = PBXFileReference; explicitFileType = wrapper.application; includeInIndex = 0; path = Assignment.app; sourceTree = BUILT_PRODUCTS_DIR; };
		52E2336528384675005A0CEF /* AppDelegate.swift */ = {isa = PBXFileReference; lastKnownFileType = sourcecode.swift; path = AppDelegate.swift; sourceTree = "<group>"; };
		52E2336728384675005A0CEF /* SceneDelegate.swift */ = {isa = PBXFileReference; lastKnownFileType = sourcecode.swift; path = SceneDelegate.swift; sourceTree = "<group>"; };
		52E2336C28384675005A0CEF /* Base */ = {isa = PBXFileReference; lastKnownFileType = file.storyboard; name = Base; path = Base.lproj/Main.storyboard; sourceTree = "<group>"; };
		52E2336E28384676005A0CEF /* Assets.xcassets */ = {isa = PBXFileReference; lastKnownFileType = folder.assetcatalog; path = Assets.xcassets; sourceTree = "<group>"; };
		52E2337128384676005A0CEF /* Base */ = {isa = PBXFileReference; lastKnownFileType = file.storyboard; name = Base; path = Base.lproj/LaunchScreen.storyboard; sourceTree = "<group>"; };
		52E2337328384676005A0CEF /* Info.plist */ = {isa = PBXFileReference; lastKnownFileType = text.plist.xml; path = Info.plist; sourceTree = "<group>"; };
		52E2337A283849EE005A0CEF /* FeedsManager.swift */ = {isa = PBXFileReference; lastKnownFileType = sourcecode.swift; path = FeedsManager.swift; sourceTree = "<group>"; };
		52E2337F28384BC9005A0CEF /* Stock.swift */ = {isa = PBXFileReference; lastKnownFileType = sourcecode.swift; path = Stock.swift; sourceTree = "<group>"; };
		52E2338128384C9E005A0CEF /* NewsFeed.swift */ = {isa = PBXFileReference; lastKnownFileType = sourcecode.swift; path = NewsFeed.swift; sourceTree = "<group>"; };
		52E2338428385295005A0CEF /* StockCell.swift */ = {isa = PBXFileReference; lastKnownFileType = sourcecode.swift; path = StockCell.swift; sourceTree = "<group>"; };
		52FA2DFE2838E3D50020B395 /* NewsCell.swift */ = {isa = PBXFileReference; lastKnownFileType = sourcecode.swift; path = NewsCell.swift; sourceTree = "<group>"; };
		52FA2E0528391B470020B395 /* Feed.swift */ = {isa = PBXFileReference; lastKnownFileType = sourcecode.swift; path = Feed.swift; sourceTree = "<group>"; };
		52FA2E07283937FB0020B395 /* TitleHeaderView.swift */ = {isa = PBXFileReference; lastKnownFileType = sourcecode.swift; path = TitleHeaderView.swift; sourceTree = "<group>"; };
		52FA2E0928393B420020B395 /* OtherNewsCell.swift */ = {isa = PBXFileReference; lastKnownFileType = sourcecode.swift; path = OtherNewsCell.swift; sourceTree = "<group>"; };
		52FA2E0B28394F210020B395 /* UINavigationController + Extension.swift */ = {isa = PBXFileReference; fileEncoding = 4; lastKnownFileType = sourcecode.swift; path = "UINavigationController + Extension.swift"; sourceTree = "<group>"; };
		52FA2E0C28394F210020B395 /* UIScrollView + Extension.swift */ = {isa = PBXFileReference; fileEncoding = 4; lastKnownFileType = sourcecode.swift; path = "UIScrollView + Extension.swift"; sourceTree = "<group>"; };
		52FA2E0D28394F210020B395 /* DateFormatter + Extension.swift */ = {isa = PBXFileReference; fileEncoding = 4; lastKnownFileType = sourcecode.swift; path = "DateFormatter + Extension.swift"; sourceTree = "<group>"; };
		52FA2E0E28394F210020B395 /* String + Extension.swift */ = {isa = PBXFileReference; fileEncoding = 4; lastKnownFileType = sourcecode.swift; path = "String + Extension.swift"; sourceTree = "<group>"; };
		52FA2E0F28394F210020B395 /* UIImage + Extension.swift */ = {isa = PBXFileReference; fileEncoding = 4; lastKnownFileType = sourcecode.swift; path = "UIImage + Extension.swift"; sourceTree = "<group>"; };
		52FA2E1028394F210020B395 /* Array + Extension.swift */ = {isa = PBXFileReference; fileEncoding = 4; lastKnownFileType = sourcecode.swift; path = "Array + Extension.swift"; sourceTree = "<group>"; };
		52FA2E1128394F210020B395 /* NSDirectionalEdgeInsets + Extension.swift */ = {isa = PBXFileReference; fileEncoding = 4; lastKnownFileType = sourcecode.swift; path = "NSDirectionalEdgeInsets + Extension.swift"; sourceTree = "<group>"; };
		52FA2E1228394F210020B395 /* Collection + Extension.swift */ = {isa = PBXFileReference; fileEncoding = 4; lastKnownFileType = sourcecode.swift; path = "Collection + Extension.swift"; sourceTree = "<group>"; };
		52FA2E1328394F210020B395 /* Sequence + Extension.swift */ = {isa = PBXFileReference; fileEncoding = 4; lastKnownFileType = sourcecode.swift; path = "Sequence + Extension.swift"; sourceTree = "<group>"; };
		52FA2E1428394F210020B395 /* UIColor + Extension.swift */ = {isa = PBXFileReference; fileEncoding = 4; lastKnownFileType = sourcecode.swift; path = "UIColor + Extension.swift"; sourceTree = "<group>"; };
		52FA2E1528394F210020B395 /* Date + Extension.swift */ = {isa = PBXFileReference; fileEncoding = 4; lastKnownFileType = sourcecode.swift; path = "Date + Extension.swift"; sourceTree = "<group>"; };
		52FA2E1628394F210020B395 /* Data + Extension.swift */ = {isa = PBXFileReference; fileEncoding = 4; lastKnownFileType = sourcecode.swift; path = "Data + Extension.swift"; sourceTree = "<group>"; };
		52FA2E1728394F210020B395 /* UICollectionView + Extension.swift */ = {isa = PBXFileReference; fileEncoding = 4; lastKnownFileType = sourcecode.swift; path = "UICollectionView + Extension.swift"; sourceTree = "<group>"; };
		52FA2E1828394F210020B395 /* UIImageView + Extension.swift */ = {isa = PBXFileReference; fileEncoding = 4; lastKnownFileType = sourcecode.swift; path = "UIImageView + Extension.swift"; sourceTree = "<group>"; };
		52FA2E1928394F210020B395 /* UIDevice + Extension.swift */ = {isa = PBXFileReference; fileEncoding = 4; lastKnownFileType = sourcecode.swift; path = "UIDevice + Extension.swift"; sourceTree = "<group>"; };
		52FA2E1A28394F220020B395 /* Double + Extension.swift */ = {isa = PBXFileReference; fileEncoding = 4; lastKnownFileType = sourcecode.swift; path = "Double + Extension.swift"; sourceTree = "<group>"; };
		52FA2E1B28394F220020B395 /* UIViewController + extension.swift */ = {isa = PBXFileReference; fileEncoding = 4; lastKnownFileType = sourcecode.swift; path = "UIViewController + extension.swift"; sourceTree = "<group>"; };
		52FA2E1C28394F220020B395 /* UIFont + Extension.swift */ = {isa = PBXFileReference; fileEncoding = 4; lastKnownFileType = sourcecode.swift; path = "UIFont + Extension.swift"; sourceTree = "<group>"; };
		52FA2E2F28394FB60020B395 /* CardView.swift */ = {isa = PBXFileReference; lastKnownFileType = sourcecode.swift; path = CardView.swift; sourceTree = "<group>"; };
		52FA2E312839500A0020B395 /* RoundedUIImageView.swift */ = {isa = PBXFileReference; lastKnownFileType = sourcecode.swift; path = RoundedUIImageView.swift; sourceTree = "<group>"; };
		52FA2E33283950380020B395 /* RoundedCornerUIButton.swift */ = {isa = PBXFileReference; fileEncoding = 4; lastKnownFileType = sourcecode.swift; path = RoundedCornerUIButton.swift; sourceTree = "<group>"; };
		52FA2E3B283952CC0020B395 /* ApiClient.swift */ = {isa = PBXFileReference; fileEncoding = 4; lastKnownFileType = sourcecode.swift; path = ApiClient.swift; sourceTree = "<group>"; };
		52FA2E3C283952CC0020B395 /* ApiConfig.swift */ = {isa = PBXFileReference; fileEncoding = 4; lastKnownFileType = sourcecode.swift; path = ApiConfig.swift; sourceTree = "<group>"; };
		52FA2E3E283952CC0020B395 /* BaseResponse.swift */ = {isa = PBXFileReference; fileEncoding = 4; lastKnownFileType = sourcecode.swift; path = BaseResponse.swift; sourceTree = "<group>"; };
		52FA2E3F283952CC0020B395 /* ErrorType.swift */ = {isa = PBXFileReference; fileEncoding = 4; lastKnownFileType = sourcecode.swift; path = ErrorType.swift; sourceTree = "<group>"; };
		52FA2E44283953490020B395 /* ArticleVO.swift */ = {isa = PBXFileReference; fileEncoding = 4; lastKnownFileType = sourcecode.swift; path = ArticleVO.swift; sourceTree = "<group>"; };
		52FA2E45283953490020B395 /* ErrorVO.swift */ = {isa = PBXFileReference; fileEncoding = 4; lastKnownFileType = sourcecode.swift; path = ErrorVO.swift; sourceTree = "<group>"; };
		52FA2E46283953490020B395 /* SourceVO.swift */ = {isa = PBXFileReference; fileEncoding = 4; lastKnownFileType = sourcecode.swift; path = SourceVO.swift; sourceTree = "<group>"; };
		52FA2E47283953490020B395 /* StockVO.swift */ = {isa = PBXFileReference; fileEncoding = 4; lastKnownFileType = sourcecode.swift; path = StockVO.swift; sourceTree = "<group>"; };
		52FA2E48283953490020B395 /* NewFeedVO.swift */ = {isa = PBXFileReference; fileEncoding = 4; lastKnownFileType = sourcecode.swift; path = NewFeedVO.swift; sourceTree = "<group>"; };
		52FA2E4E2839536F0020B395 /* HomeModel.swift */ = {isa = PBXFileReference; fileEncoding = 4; lastKnownFileType = sourcecode.swift; name = HomeModel.swift; path = Assignment/Models/HomeModel.swift; sourceTree = SOURCE_ROOT; };
		52FA2E52283953EF0020B395 /* BaseViewModel.swift */ = {isa = PBXFileReference; fileEncoding = 4; lastKnownFileType = sourcecode.swift; path = BaseViewModel.swift; sourceTree = "<group>"; };
		52FA2E55283953EF0020B395 /* BaseCollectionViewCell.swift */ = {isa = PBXFileReference; fileEncoding = 4; lastKnownFileType = sourcecode.swift; path = BaseCollectionViewCell.swift; sourceTree = "<group>"; };
		52FA2E57283953EF0020B395 /* BaseViewController.swift */ = {isa = PBXFileReference; fileEncoding = 4; lastKnownFileType = sourcecode.swift; path = BaseViewController.swift; sourceTree = "<group>"; };
		52FA2E58283953EF0020B395 /* BaseView.swift */ = {isa = PBXFileReference; fileEncoding = 4; lastKnownFileType = sourcecode.swift; path = BaseView.swift; sourceTree = "<group>"; };
		52FA2E5A283953EF0020B395 /* BaseViewController.xib */ = {isa = PBXFileReference; fileEncoding = 4; lastKnownFileType = file.xib; path = BaseViewController.xib; sourceTree = "<group>"; };
		52FA2E61283955AE0020B395 /* ErrorHandlerView.xib */ = {isa = PBXFileReference; fileEncoding = 4; lastKnownFileType = file.xib; path = ErrorHandlerView.xib; sourceTree = "<group>"; };
		52FA2E62283955AE0020B395 /* ErrorHandlerView.swift */ = {isa = PBXFileReference; fileEncoding = 4; lastKnownFileType = sourcecode.swift; path = ErrorHandlerView.swift; sourceTree = "<group>"; };
		52FA2E65283956280020B395 /* AppScreens.swift */ = {isa = PBXFileReference; fileEncoding = 4; lastKnownFileType = sourcecode.swift; path = AppScreens.swift; sourceTree = "<group>"; };
		52FA2E6A283989220020B395 /* HomeViewModel.swift */ = {isa = PBXFileReference; fileEncoding = 4; lastKnownFileType = sourcecode.swift; path = HomeViewModel.swift; sourceTree = "<group>"; };
		52FA2E6D283989220020B395 /* NewFeedHorizontalItemCollectionViewCell.xib */ = {isa = PBXFileReference; fileEncoding = 4; lastKnownFileType = file.xib; path = NewFeedHorizontalItemCollectionViewCell.xib; sourceTree = "<group>"; };
		52FA2E6E283989220020B395 /* NewFeedItemCollectionViewCell.xib */ = {isa = PBXFileReference; fileEncoding = 4; lastKnownFileType = file.xib; path = NewFeedItemCollectionViewCell.xib; sourceTree = "<group>"; };
		52FA2E6F283989220020B395 /* StockPriceItemCollectionViewCell.xib */ = {isa = PBXFileReference; fileEncoding = 4; lastKnownFileType = file.xib; path = StockPriceItemCollectionViewCell.xib; sourceTree = "<group>"; };
		52FA2E71283989220020B395 /* NewFeedItemCollectionViewCell.swift */ = {isa = PBXFileReference; fileEncoding = 4; lastKnownFileType = sourcecode.swift; path = NewFeedItemCollectionViewCell.swift; sourceTree = "<group>"; };
		52FA2E72283989220020B395 /* NewFeedHorizontalItemCollectionViewCell.swift */ = {isa = PBXFileReference; fileEncoding = 4; lastKnownFileType = sourcecode.swift; path = NewFeedHorizontalItemCollectionViewCell.swift; sourceTree = "<group>"; };
		52FA2E73283989220020B395 /* StockPriceItemCollectionViewCell.swift */ = {isa = PBXFileReference; fileEncoding = 4; lastKnownFileType = sourcecode.swift; path = StockPriceItemCollectionViewCell.swift; sourceTree = "<group>"; };
		52FA2E75283989220020B395 /* HomeCollectionViewController.swift */ = {isa = PBXFileReference; fileEncoding = 4; lastKnownFileType = sourcecode.swift; path = HomeCollectionViewController.swift; sourceTree = "<group>"; };
		52FA2E8028398E7C0020B395 /* Poppins-ExtraLight.ttf */ = {isa = PBXFileReference; lastKnownFileType = file; path = "Poppins-ExtraLight.ttf"; sourceTree = "<group>"; };
		52FA2E8128398E7C0020B395 /* Poppins-ThinItalic.ttf */ = {isa = PBXFileReference; lastKnownFileType = file; path = "Poppins-ThinItalic.ttf"; sourceTree = "<group>"; };
		52FA2E8228398E7C0020B395 /* Poppins-ExtraLightItalic.ttf */ = {isa = PBXFileReference; lastKnownFileType = file; path = "Poppins-ExtraLightItalic.ttf"; sourceTree = "<group>"; };
		52FA2E8328398E7C0020B395 /* Poppins-BoldItalic.ttf */ = {isa = PBXFileReference; lastKnownFileType = file; path = "Poppins-BoldItalic.ttf"; sourceTree = "<group>"; };
		52FA2E8428398E7C0020B395 /* Poppins-Light.ttf */ = {isa = PBXFileReference; lastKnownFileType = file; path = "Poppins-Light.ttf"; sourceTree = "<group>"; };
		52FA2E8528398E7C0020B395 /* Poppins-Medium.ttf */ = {isa = PBXFileReference; lastKnownFileType = file; path = "Poppins-Medium.ttf"; sourceTree = "<group>"; };
		52FA2E8628398E7C0020B395 /* Poppins-SemiBoldItalic.ttf */ = {isa = PBXFileReference; lastKnownFileType = file; path = "Poppins-SemiBoldItalic.ttf"; sourceTree = "<group>"; };
		52FA2E8728398E7C0020B395 /* Poppins-ExtraBoldItalic.ttf */ = {isa = PBXFileReference; lastKnownFileType = file; path = "Poppins-ExtraBoldItalic.ttf"; sourceTree = "<group>"; };
		52FA2E8828398E7C0020B395 /* Poppins-ExtraBold.ttf */ = {isa = PBXFileReference; lastKnownFileType = file; path = "Poppins-ExtraBold.ttf"; sourceTree = "<group>"; };
		52FA2E8928398E7C0020B395 /* Poppins-BlackItalic.ttf */ = {isa = PBXFileReference; lastKnownFileType = file; path = "Poppins-BlackItalic.ttf"; sourceTree = "<group>"; };
		52FA2E8A28398E7C0020B395 /* Poppins-Regular.ttf */ = {isa = PBXFileReference; lastKnownFileType = file; path = "Poppins-Regular.ttf"; sourceTree = "<group>"; };
		52FA2E8B28398E7C0020B395 /* Poppins-LightItalic.ttf */ = {isa = PBXFileReference; lastKnownFileType = file; path = "Poppins-LightItalic.ttf"; sourceTree = "<group>"; };
		52FA2E8C28398E7C0020B395 /* Poppins-Bold.ttf */ = {isa = PBXFileReference; lastKnownFileType = file; path = "Poppins-Bold.ttf"; sourceTree = "<group>"; };
		52FA2E8D28398E7C0020B395 /* Poppins-Black.ttf */ = {isa = PBXFileReference; lastKnownFileType = file; path = "Poppins-Black.ttf"; sourceTree = "<group>"; };
		52FA2E8E28398E7C0020B395 /* Poppins-Thin.ttf */ = {isa = PBXFileReference; lastKnownFileType = file; path = "Poppins-Thin.ttf"; sourceTree = "<group>"; };
		52FA2E8F28398E7C0020B395 /* Poppins-SemiBold.ttf */ = {isa = PBXFileReference; lastKnownFileType = file; path = "Poppins-SemiBold.ttf"; sourceTree = "<group>"; };
		52FA2E9028398E7C0020B395 /* Poppins-Italic.ttf */ = {isa = PBXFileReference; lastKnownFileType = file; path = "Poppins-Italic.ttf"; sourceTree = "<group>"; };
		52FA2E9128398E7C0020B395 /* Poppins-MediumItalic.ttf */ = {isa = PBXFileReference; lastKnownFileType = file; path = "Poppins-MediumItalic.ttf"; sourceTree = "<group>"; };
		543DDB1EBD5E773D307E8442 /* Pods_Assignment.framework */ = {isa = PBXFileReference; explicitFileType = wrapper.framework; includeInIndex = 0; path = Pods_Assignment.framework; sourceTree = BUILT_PRODUCTS_DIR; };
		73FC546C0C969EE30BD60B8B /* Pods-Assignment.debug.xcconfig */ = {isa = PBXFileReference; includeInIndex = 1; lastKnownFileType = text.xcconfig; name = "Pods-Assignment.debug.xcconfig"; path = "Target Support Files/Pods-Assignment/Pods-Assignment.debug.xcconfig"; sourceTree = "<group>"; };
		FD2DC9268023493DCF9538C4 /* Pods-Assignment.release.xcconfig */ = {isa = PBXFileReference; includeInIndex = 1; lastKnownFileType = text.xcconfig; name = "Pods-Assignment.release.xcconfig"; path = "Target Support Files/Pods-Assignment/Pods-Assignment.release.xcconfig"; sourceTree = "<group>"; };
/* End PBXFileReference section */

/* Begin PBXFrameworksBuildPhase section */
		52E2335F28384675005A0CEF /* Frameworks */ = {
			isa = PBXFrameworksBuildPhase;
			buildActionMask = 2147483647;
			files = (
				4C5EE019F04AE465809D732C /* Pods_Assignment.framework in Frameworks */,
			);
			runOnlyForDeploymentPostprocessing = 0;
		};
/* End PBXFrameworksBuildPhase section */

/* Begin PBXGroup section */
		2BFC99CE7C74389DB14A8864 /* Frameworks */ = {
			isa = PBXGroup;
			children = (
				543DDB1EBD5E773D307E8442 /* Pods_Assignment.framework */,
			);
			name = Frameworks;
			sourceTree = "<group>";
		};
		52E2335928384675005A0CEF = {
			isa = PBXGroup;
			children = (
				52E2336428384675005A0CEF /* Assignment */,
				52E2336328384675005A0CEF /* Products */,
				BC1F33F0032D524CE382C53B /* Pods */,
				2BFC99CE7C74389DB14A8864 /* Frameworks */,
			);
			sourceTree = "<group>";
		};
		52E2336328384675005A0CEF /* Products */ = {
			isa = PBXGroup;
			children = (
				52E2336228384675005A0CEF /* Assignment.app */,
			);
			name = Products;
			sourceTree = "<group>";
		};
		52E2336428384675005A0CEF /* Assignment */ = {
			isa = PBXGroup;
			children = (
				52FA2E7F28398E7C0020B395 /* Fonts */,
				52FA2E67283989220020B395 /* Modules */,
				52FA2E39283952CC0020B395 /* Network */,
				52FA2E002838F3A90020B395 /* Extensions */,
				52E233832838525F005A0CEF /* Views */,
				52E2337C28384A47005A0CEF /* Models */,
				52E23379283849E1005A0CEF /* DataManager */,
				52FA2E50283953EF0020B395 /* Base */,
				52E2336528384675005A0CEF /* AppDelegate.swift */,
				52E2336728384675005A0CEF /* SceneDelegate.swift */,
				52E2336B28384675005A0CEF /* Main.storyboard */,
				52E2336E28384676005A0CEF /* Assets.xcassets */,
				52E2337028384676005A0CEF /* LaunchScreen.storyboard */,
				52E2337328384676005A0CEF /* Info.plist */,
			);
			path = Assignment;
			sourceTree = "<group>";
		};
		52E23379283849E1005A0CEF /* DataManager */ = {
			isa = PBXGroup;
			children = (
				52E2337A283849EE005A0CEF /* FeedsManager.swift */,
			);
			path = DataManager;
			sourceTree = "<group>";
		};
		52E2337C28384A47005A0CEF /* Models */ = {
			isa = PBXGroup;
			children = (
				52FA2E4E2839536F0020B395 /* HomeModel.swift */,
				52FA2E44283953490020B395 /* ArticleVO.swift */,
				52FA2E45283953490020B395 /* ErrorVO.swift */,
				52FA2E48283953490020B395 /* NewFeedVO.swift */,
				52FA2E46283953490020B395 /* SourceVO.swift */,
				52FA2E47283953490020B395 /* StockVO.swift */,
				52E2337F28384BC9005A0CEF /* Stock.swift */,
				52E2338128384C9E005A0CEF /* NewsFeed.swift */,
				52FA2E0528391B470020B395 /* Feed.swift */,
			);
			path = Models;
			sourceTree = "<group>";
		};
		52E233832838525F005A0CEF /* Views */ = {
			isa = PBXGroup;
			children = (
				52E2338428385295005A0CEF /* StockCell.swift */,
				52FA2DFE2838E3D50020B395 /* NewsCell.swift */,
				52FA2E07283937FB0020B395 /* TitleHeaderView.swift */,
				52FA2E0928393B420020B395 /* OtherNewsCell.swift */,
				52FA2E2F28394FB60020B395 /* CardView.swift */,
				52FA2E312839500A0020B395 /* RoundedUIImageView.swift */,
				52FA2E33283950380020B395 /* RoundedCornerUIButton.swift */,
			);
			path = Views;
			sourceTree = "<group>";
		};
		52FA2E002838F3A90020B395 /* Extensions */ = {
			isa = PBXGroup;
			children = (
				52FA2E1028394F210020B395 /* Array + Extension.swift */,
				52FA2E1228394F210020B395 /* Collection + Extension.swift */,
				52FA2E1628394F210020B395 /* Data + Extension.swift */,
				52FA2E1528394F210020B395 /* Date + Extension.swift */,
				52FA2E0D28394F210020B395 /* DateFormatter + Extension.swift */,
				52FA2E1A28394F220020B395 /* Double + Extension.swift */,
				52FA2E1128394F210020B395 /* NSDirectionalEdgeInsets + Extension.swift */,
				52FA2E1328394F210020B395 /* Sequence + Extension.swift */,
				52FA2E0E28394F210020B395 /* String + Extension.swift */,
				52FA2E1728394F210020B395 /* UICollectionView + Extension.swift */,
				52FA2E1428394F210020B395 /* UIColor + Extension.swift */,
				52FA2E1928394F210020B395 /* UIDevice + Extension.swift */,
				52FA2E1C28394F220020B395 /* UIFont + Extension.swift */,
				52FA2E0F28394F210020B395 /* UIImage + Extension.swift */,
				52FA2E1828394F210020B395 /* UIImageView + Extension.swift */,
				52FA2E0B28394F210020B395 /* UINavigationController + Extension.swift */,
				52FA2E0C28394F210020B395 /* UIScrollView + Extension.swift */,
				52FA2E1B28394F220020B395 /* UIViewController + extension.swift */,
			);
			path = Extensions;
			sourceTree = "<group>";
		};
		52FA2E39283952CC0020B395 /* Network */ = {
			isa = PBXGroup;
			children = (
				52FA2E3A283952CC0020B395 /* Apis */,
				52FA2E3D283952CC0020B395 /* Responses */,
			);
			path = Network;
			sourceTree = "<group>";
		};
		52FA2E3A283952CC0020B395 /* Apis */ = {
			isa = PBXGroup;
			children = (
				52FA2E3B283952CC0020B395 /* ApiClient.swift */,
				52FA2E3C283952CC0020B395 /* ApiConfig.swift */,
			);
			path = Apis;
			sourceTree = "<group>";
		};
		52FA2E3D283952CC0020B395 /* Responses */ = {
			isa = PBXGroup;
			children = (
				52FA2E3E283952CC0020B395 /* BaseResponse.swift */,
				52FA2E3F283952CC0020B395 /* ErrorType.swift */,
			);
			path = Responses;
			sourceTree = "<group>";
		};
		52FA2E50283953EF0020B395 /* Base */ = {
			isa = PBXGroup;
			children = (
				52FA2E65283956280020B395 /* AppScreens.swift */,
				52FA2E51283953EF0020B395 /* ViewModels */,
				52FA2E53283953EF0020B395 /* Cells */,
				52FA2E56283953EF0020B395 /* ViewControllers */,
				52FA2E59283953EF0020B395 /* Views */,
			);
			path = Base;
			sourceTree = "<group>";
		};
		52FA2E51283953EF0020B395 /* ViewModels */ = {
			isa = PBXGroup;
			children = (
				52FA2E52283953EF0020B395 /* BaseViewModel.swift */,
			);
			path = ViewModels;
			sourceTree = "<group>";
		};
		52FA2E53283953EF0020B395 /* Cells */ = {
			isa = PBXGroup;
			children = (
				52FA2E54283953EF0020B395 /* Swifts */,
			);
			path = Cells;
			sourceTree = "<group>";
		};
		52FA2E54283953EF0020B395 /* Swifts */ = {
			isa = PBXGroup;
			children = (
				52FA2E55283953EF0020B395 /* BaseCollectionViewCell.swift */,
			);
			path = Swifts;
			sourceTree = "<group>";
		};
		52FA2E56283953EF0020B395 /* ViewControllers */ = {
			isa = PBXGroup;
			children = (
				52FA2E57283953EF0020B395 /* BaseViewController.swift */,
				52FA2E58283953EF0020B395 /* BaseView.swift */,
			);
			path = ViewControllers;
			sourceTree = "<group>";
		};
		52FA2E59283953EF0020B395 /* Views */ = {
			isa = PBXGroup;
			children = (
				52FA2E602839557F0020B395 /* ErrorHandlerView */,
				52FA2E5A283953EF0020B395 /* BaseViewController.xib */,
			);
			path = Views;
			sourceTree = "<group>";
		};
		52FA2E602839557F0020B395 /* ErrorHandlerView */ = {
			isa = PBXGroup;
			children = (
				52FA2E62283955AE0020B395 /* ErrorHandlerView.swift */,
				52FA2E61283955AE0020B395 /* ErrorHandlerView.xib */,
			);
			path = ErrorHandlerView;
			sourceTree = "<group>";
		};
		52FA2E67283989220020B395 /* Modules */ = {
			isa = PBXGroup;
			children = (
				52FA2E68283989220020B395 /* Home */,
			);
			path = Modules;
			sourceTree = "<group>";
		};
		52FA2E68283989220020B395 /* Home */ = {
			isa = PBXGroup;
			children = (
				52FA2E69283989220020B395 /* ViewModels */,
				52FA2E6B283989220020B395 /* Cells */,
				52FA2E74283989220020B395 /* ViewControllers */,
				52FA2E76283989220020B395 /* Views */,
			);
			path = Home;
			sourceTree = "<group>";
		};
		52FA2E69283989220020B395 /* ViewModels */ = {
			isa = PBXGroup;
			children = (
				52FA2E6A283989220020B395 /* HomeViewModel.swift */,
			);
			path = ViewModels;
			sourceTree = "<group>";
		};
		52FA2E6B283989220020B395 /* Cells */ = {
			isa = PBXGroup;
			children = (
				52FA2E6C283989220020B395 /* Xibs */,
				52FA2E70283989220020B395 /* Swifts */,
			);
			path = Cells;
			sourceTree = "<group>";
		};
		52FA2E6C283989220020B395 /* Xibs */ = {
			isa = PBXGroup;
			children = (
				52FA2E6D283989220020B395 /* NewFeedHorizontalItemCollectionViewCell.xib */,
				52FA2E6E283989220020B395 /* NewFeedItemCollectionViewCell.xib */,
				52FA2E6F283989220020B395 /* StockPriceItemCollectionViewCell.xib */,
			);
			path = Xibs;
			sourceTree = "<group>";
		};
		52FA2E70283989220020B395 /* Swifts */ = {
			isa = PBXGroup;
			children = (
				52FA2E71283989220020B395 /* NewFeedItemCollectionViewCell.swift */,
				52FA2E72283989220020B395 /* NewFeedHorizontalItemCollectionViewCell.swift */,
				52FA2E73283989220020B395 /* StockPriceItemCollectionViewCell.swift */,
			);
			path = Swifts;
			sourceTree = "<group>";
		};
		52FA2E74283989220020B395 /* ViewControllers */ = {
			isa = PBXGroup;
			children = (
				52FA2E75283989220020B395 /* HomeCollectionViewController.swift */,
			);
			path = ViewControllers;
			sourceTree = "<group>";
		};
		52FA2E76283989220020B395 /* Views */ = {
			isa = PBXGroup;
			children = (
			);
			path = Views;
			sourceTree = "<group>";
		};
		52FA2E7F28398E7C0020B395 /* Fonts */ = {
			isa = PBXGroup;
			children = (
				52FA2E8028398E7C0020B395 /* Poppins-ExtraLight.ttf */,
				52FA2E8128398E7C0020B395 /* Poppins-ThinItalic.ttf */,
				52FA2E8228398E7C0020B395 /* Poppins-ExtraLightItalic.ttf */,
				52FA2E8328398E7C0020B395 /* Poppins-BoldItalic.ttf */,
				52FA2E8428398E7C0020B395 /* Poppins-Light.ttf */,
				52FA2E8528398E7C0020B395 /* Poppins-Medium.ttf */,
				52FA2E8628398E7C0020B395 /* Poppins-SemiBoldItalic.ttf */,
				52FA2E8728398E7C0020B395 /* Poppins-ExtraBoldItalic.ttf */,
				52FA2E8828398E7C0020B395 /* Poppins-ExtraBold.ttf */,
				52FA2E8928398E7C0020B395 /* Poppins-BlackItalic.ttf */,
				52FA2E8A28398E7C0020B395 /* Poppins-Regular.ttf */,
				52FA2E8B28398E7C0020B395 /* Poppins-LightItalic.ttf */,
				52FA2E8C28398E7C0020B395 /* Poppins-Bold.ttf */,
				52FA2E8D28398E7C0020B395 /* Poppins-Black.ttf */,
				52FA2E8E28398E7C0020B395 /* Poppins-Thin.ttf */,
				52FA2E8F28398E7C0020B395 /* Poppins-SemiBold.ttf */,
				52FA2E9028398E7C0020B395 /* Poppins-Italic.ttf */,
				52FA2E9128398E7C0020B395 /* Poppins-MediumItalic.ttf */,
			);
			path = Fonts;
			sourceTree = "<group>";
		};
		BC1F33F0032D524CE382C53B /* Pods */ = {
			isa = PBXGroup;
			children = (
				73FC546C0C969EE30BD60B8B /* Pods-Assignment.debug.xcconfig */,
				FD2DC9268023493DCF9538C4 /* Pods-Assignment.release.xcconfig */,
			);
			path = Pods;
			sourceTree = "<group>";
		};
/* End PBXGroup section */

/* Begin PBXNativeTarget section */
		52E2336128384675005A0CEF /* Assignment */ = {
			isa = PBXNativeTarget;
			buildConfigurationList = 52E2337628384676005A0CEF /* Build configuration list for PBXNativeTarget "Assignment" */;
			buildPhases = (
				C638B41674137641E0B668B1 /* [CP] Check Pods Manifest.lock */,
				52E2335E28384675005A0CEF /* Sources */,
				52E2335F28384675005A0CEF /* Frameworks */,
				52E2336028384675005A0CEF /* Resources */,
				FE9B5BFB728619D213869573 /* [CP] Embed Pods Frameworks */,
			);
			buildRules = (
			);
			dependencies = (
			);
			name = Assignment;
			productName = Assignment;
			productReference = 52E2336228384675005A0CEF /* Assignment.app */;
			productType = "com.apple.product-type.application";
		};
/* End PBXNativeTarget section */

/* Begin PBXProject section */
		52E2335A28384675005A0CEF /* Project object */ = {
			isa = PBXProject;
			attributes = {
				BuildIndependentTargetsInParallel = 1;
				LastSwiftUpdateCheck = 1320;
				LastUpgradeCheck = 1320;
				TargetAttributes = {
					52E2336128384675005A0CEF = {
						CreatedOnToolsVersion = 13.2.1;
					};
				};
			};
			buildConfigurationList = 52E2335D28384675005A0CEF /* Build configuration list for PBXProject "Assignment" */;
			compatibilityVersion = "Xcode 13.0";
			developmentRegion = en;
			hasScannedForEncodings = 0;
			knownRegions = (
				en,
				Base,
			);
			mainGroup = 52E2335928384675005A0CEF;
			productRefGroup = 52E2336328384675005A0CEF /* Products */;
			projectDirPath = "";
			projectRoot = "";
			targets = (
				52E2336128384675005A0CEF /* Assignment */,
			);
		};
/* End PBXProject section */

/* Begin PBXResourcesBuildPhase section */
		52E2336028384675005A0CEF /* Resources */ = {
			isa = PBXResourcesBuildPhase;
			buildActionMask = 2147483647;
			files = (
				52FA2E78283989220020B395 /* NewFeedHorizontalItemCollectionViewCell.xib in Resources */,
				52FA2E9728398E7C0020B395 /* Poppins-Medium.ttf in Resources */,
				52FA2E9628398E7C0020B395 /* Poppins-Light.ttf in Resources */,
				52E2337228384676005A0CEF /* LaunchScreen.storyboard in Resources */,
				52FA2E7A283989220020B395 /* StockPriceItemCollectionViewCell.xib in Resources */,
				52FA2E9828398E7C0020B395 /* Poppins-SemiBoldItalic.ttf in Resources */,
				52FA2E9528398E7C0020B395 /* Poppins-BoldItalic.ttf in Resources */,
				52FA2E9228398E7C0020B395 /* Poppins-ExtraLight.ttf in Resources */,
				52FA2E9F28398E7C0020B395 /* Poppins-Black.ttf in Resources */,
				52FA2E9928398E7C0020B395 /* Poppins-ExtraBoldItalic.ttf in Resources */,
				52FA2E5F283953EF0020B395 /* BaseViewController.xib in Resources */,
				52E2336F28384676005A0CEF /* Assets.xcassets in Resources */,
				52FA2E9D28398E7C0020B395 /* Poppins-LightItalic.ttf in Resources */,
				52FA2E9428398E7C0020B395 /* Poppins-ExtraLightItalic.ttf in Resources */,
				52E2336D28384675005A0CEF /* Main.storyboard in Resources */,
				52FA2EA328398E7C0020B395 /* Poppins-MediumItalic.ttf in Resources */,
				52FA2E9328398E7C0020B395 /* Poppins-ThinItalic.ttf in Resources */,
				52FA2E9A28398E7C0020B395 /* Poppins-ExtraBold.ttf in Resources */,
				52FA2E9E28398E7C0020B395 /* Poppins-Bold.ttf in Resources */,
				52FA2EA228398E7C0020B395 /* Poppins-Italic.ttf in Resources */,
				52FA2E63283955AE0020B395 /* ErrorHandlerView.xib in Resources */,
				52FA2EA028398E7C0020B395 /* Poppins-Thin.ttf in Resources */,
				52FA2E9B28398E7C0020B395 /* Poppins-BlackItalic.ttf in Resources */,
				52FA2EA128398E7C0020B395 /* Poppins-SemiBold.ttf in Resources */,
				52FA2E9C28398E7C0020B395 /* Poppins-Regular.ttf in Resources */,
				52FA2E79283989220020B395 /* NewFeedItemCollectionViewCell.xib in Resources */,
			);
			runOnlyForDeploymentPostprocessing = 0;
		};
/* End PBXResourcesBuildPhase section */

/* Begin PBXShellScriptBuildPhase section */
		C638B41674137641E0B668B1 /* [CP] Check Pods Manifest.lock */ = {
			isa = PBXShellScriptBuildPhase;
			buildActionMask = 2147483647;
			files = (
			);
			inputFileListPaths = (
			);
			inputPaths = (
				"${PODS_PODFILE_DIR_PATH}/Podfile.lock",
				"${PODS_ROOT}/Manifest.lock",
			);
			name = "[CP] Check Pods Manifest.lock";
			outputFileListPaths = (
			);
			outputPaths = (
				"$(DERIVED_FILE_DIR)/Pods-Assignment-checkManifestLockResult.txt",
			);
			runOnlyForDeploymentPostprocessing = 0;
			shellPath = /bin/sh;
			shellScript = "diff \"${PODS_PODFILE_DIR_PATH}/Podfile.lock\" \"${PODS_ROOT}/Manifest.lock\" > /dev/null\nif [ $? != 0 ] ; then\n    # print error to STDERR\n    echo \"error: The sandbox is not in sync with the Podfile.lock. Run 'pod install' or update your CocoaPods installation.\" >&2\n    exit 1\nfi\n# This output is used by Xcode 'outputs' to avoid re-running this script phase.\necho \"SUCCESS\" > \"${SCRIPT_OUTPUT_FILE_0}\"\n";
			showEnvVarsInLog = 0;
		};
		FE9B5BFB728619D213869573 /* [CP] Embed Pods Frameworks */ = {
			isa = PBXShellScriptBuildPhase;
			buildActionMask = 2147483647;
			files = (
			);
			inputFileListPaths = (
				"${PODS_ROOT}/Target Support Files/Pods-Assignment/Pods-Assignment-frameworks-${CONFIGURATION}-input-files.xcfilelist",
			);
			name = "[CP] Embed Pods Frameworks";
			outputFileListPaths = (
				"${PODS_ROOT}/Target Support Files/Pods-Assignment/Pods-Assignment-frameworks-${CONFIGURATION}-output-files.xcfilelist",
			);
			runOnlyForDeploymentPostprocessing = 0;
			shellPath = /bin/sh;
			shellScript = "\"${PODS_ROOT}/Target Support Files/Pods-Assignment/Pods-Assignment-frameworks.sh\"\n";
			showEnvVarsInLog = 0;
		};
/* End PBXShellScriptBuildPhase section */

/* Begin PBXSourcesBuildPhase section */
		52E2335E28384675005A0CEF /* Sources */ = {
			isa = PBXSourcesBuildPhase;
			buildActionMask = 2147483647;
			files = (
				52FA2E2E28394F220020B395 /* UIFont + Extension.swift in Sources */,
				52FA2E7C283989220020B395 /* NewFeedHorizontalItemCollectionViewCell.swift in Sources */,
				52FA2E64283955AE0020B395 /* ErrorHandlerView.swift in Sources */,
				52FA2E4C283953490020B395 /* StockVO.swift in Sources */,
				52FA2E2928394F220020B395 /* UICollectionView + Extension.swift in Sources */,
				52E2338228384C9E005A0CEF /* NewsFeed.swift in Sources */,
				52FA2E4D283953490020B395 /* NewFeedVO.swift in Sources */,
				52FA2E5D283953EF0020B395 /* BaseViewController.swift in Sources */,
				52FA2E5B283953EF0020B395 /* BaseViewModel.swift in Sources */,
				52FA2E4B283953490020B395 /* SourceVO.swift in Sources */,
				52FA2E4A283953490020B395 /* ErrorVO.swift in Sources */,
				52FA2E1D28394F220020B395 /* UINavigationController + Extension.swift in Sources */,
				52FA2E3028394FB60020B395 /* CardView.swift in Sources */,
				52FA2E2D28394F220020B395 /* UIViewController + extension.swift in Sources */,
				52FA2E2B28394F220020B395 /* UIDevice + Extension.swift in Sources */,
				52FA2E2028394F220020B395 /* String + Extension.swift in Sources */,
				52FA2E0628391B470020B395 /* Feed.swift in Sources */,
				52FA2E43283952CC0020B395 /* ErrorType.swift in Sources */,
				52FA2E34283950380020B395 /* RoundedCornerUIButton.swift in Sources */,
				52FA2E40283952CC0020B395 /* ApiClient.swift in Sources */,
				52FA2E5E283953EF0020B395 /* BaseView.swift in Sources */,
				52FA2E7D283989220020B395 /* StockPriceItemCollectionViewCell.swift in Sources */,
				52E2338528385295005A0CEF /* StockCell.swift in Sources */,
				52E2336628384675005A0CEF /* AppDelegate.swift in Sources */,
				52FA2E77283989220020B395 /* HomeViewModel.swift in Sources */,
				52FA2E2A28394F220020B395 /* UIImageView + Extension.swift in Sources */,
				52FA2E49283953490020B395 /* ArticleVO.swift in Sources */,
				52FA2E0A28393B420020B395 /* OtherNewsCell.swift in Sources */,
				52FA2E08283937FB0020B395 /* TitleHeaderView.swift in Sources */,
				52FA2E2828394F220020B395 /* Data + Extension.swift in Sources */,
				52FA2E1F28394F220020B395 /* DateFormatter + Extension.swift in Sources */,
				52E2338028384BC9005A0CEF /* Stock.swift in Sources */,
				52FA2E2128394F220020B395 /* UIImage + Extension.swift in Sources */,
				52FA2E2328394F220020B395 /* NSDirectionalEdgeInsets + Extension.swift in Sources */,
				52FA2E2628394F220020B395 /* UIColor + Extension.swift in Sources */,
				52FA2E41283952CC0020B395 /* ApiConfig.swift in Sources */,
				52FA2E42283952CC0020B395 /* BaseResponse.swift in Sources */,
				52FA2E2428394F220020B395 /* Collection + Extension.swift in Sources */,
				52FA2E2528394F220020B395 /* Sequence + Extension.swift in Sources */,
				52FA2E7E283989220020B395 /* HomeCollectionViewController.swift in Sources */,
				52FA2E2C28394F220020B395 /* Double + Extension.swift in Sources */,
				52FA2E2728394F220020B395 /* Date + Extension.swift in Sources */,
				52FA2E5C283953EF0020B395 /* BaseCollectionViewCell.swift in Sources */,
				52FA2DFF2838E3D50020B395 /* NewsCell.swift in Sources */,
				52FA2E322839500A0020B395 /* RoundedUIImageView.swift in Sources */,
				52FA2E7B283989220020B395 /* NewFeedItemCollectionViewCell.swift in Sources */,
				52FA2E4F2839536F0020B395 /* HomeModel.swift in Sources */,
				52FA2E2228394F220020B395 /* Array + Extension.swift in Sources */,
				52E2337B283849EE005A0CEF /* FeedsManager.swift in Sources */,
				52FA2E1E28394F220020B395 /* UIScrollView + Extension.swift in Sources */,
				52FA2E66283956280020B395 /* AppScreens.swift in Sources */,
			);
			runOnlyForDeploymentPostprocessing = 0;
		};
/* End PBXSourcesBuildPhase section */

/* Begin PBXVariantGroup section */
		52E2336B28384675005A0CEF /* Main.storyboard */ = {
			isa = PBXVariantGroup;
			children = (
				52E2336C28384675005A0CEF /* Base */,
			);
			name = Main.storyboard;
			sourceTree = "<group>";
		};
		52E2337028384676005A0CEF /* LaunchScreen.storyboard */ = {
			isa = PBXVariantGroup;
			children = (
				52E2337128384676005A0CEF /* Base */,
			);
			name = LaunchScreen.storyboard;
			sourceTree = "<group>";
		};
/* End PBXVariantGroup section */

/* Begin XCBuildConfiguration section */
		52E2337428384676005A0CEF /* Debug */ = {
			isa = XCBuildConfiguration;
			buildSettings = {
				ALWAYS_SEARCH_USER_PATHS = NO;
				CLANG_ANALYZER_NONNULL = YES;
				CLANG_ANALYZER_NUMBER_OBJECT_CONVERSION = YES_AGGRESSIVE;
				CLANG_CXX_LANGUAGE_STANDARD = "gnu++17";
				CLANG_CXX_LIBRARY = "libc++";
				CLANG_ENABLE_MODULES = YES;
				CLANG_ENABLE_OBJC_ARC = YES;
				CLANG_ENABLE_OBJC_WEAK = YES;
				CLANG_WARN_BLOCK_CAPTURE_AUTORELEASING = YES;
				CLANG_WARN_BOOL_CONVERSION = YES;
				CLANG_WARN_COMMA = YES;
				CLANG_WARN_CONSTANT_CONVERSION = YES;
				CLANG_WARN_DEPRECATED_OBJC_IMPLEMENTATIONS = YES;
				CLANG_WARN_DIRECT_OBJC_ISA_USAGE = YES_ERROR;
				CLANG_WARN_DOCUMENTATION_COMMENTS = YES;
				CLANG_WARN_EMPTY_BODY = YES;
				CLANG_WARN_ENUM_CONVERSION = YES;
				CLANG_WARN_INFINITE_RECURSION = YES;
				CLANG_WARN_INT_CONVERSION = YES;
				CLANG_WARN_NON_LITERAL_NULL_CONVERSION = YES;
				CLANG_WARN_OBJC_IMPLICIT_RETAIN_SELF = YES;
				CLANG_WARN_OBJC_LITERAL_CONVERSION = YES;
				CLANG_WARN_OBJC_ROOT_CLASS = YES_ERROR;
				CLANG_WARN_QUOTED_INCLUDE_IN_FRAMEWORK_HEADER = YES;
				CLANG_WARN_RANGE_LOOP_ANALYSIS = YES;
				CLANG_WARN_STRICT_PROTOTYPES = YES;
				CLANG_WARN_SUSPICIOUS_MOVE = YES;
				CLANG_WARN_UNGUARDED_AVAILABILITY = YES_AGGRESSIVE;
				CLANG_WARN_UNREACHABLE_CODE = YES;
				CLANG_WARN__DUPLICATE_METHOD_MATCH = YES;
				COPY_PHASE_STRIP = NO;
				DEBUG_INFORMATION_FORMAT = dwarf;
				ENABLE_STRICT_OBJC_MSGSEND = YES;
				ENABLE_TESTABILITY = YES;
				GCC_C_LANGUAGE_STANDARD = gnu11;
				GCC_DYNAMIC_NO_PIC = NO;
				GCC_NO_COMMON_BLOCKS = YES;
				GCC_OPTIMIZATION_LEVEL = 0;
				GCC_PREPROCESSOR_DEFINITIONS = (
					"DEBUG=1",
					"$(inherited)",
				);
				GCC_WARN_64_TO_32_BIT_CONVERSION = YES;
				GCC_WARN_ABOUT_RETURN_TYPE = YES_ERROR;
				GCC_WARN_UNDECLARED_SELECTOR = YES;
				GCC_WARN_UNINITIALIZED_AUTOS = YES_AGGRESSIVE;
				GCC_WARN_UNUSED_FUNCTION = YES;
				GCC_WARN_UNUSED_VARIABLE = YES;
				IPHONEOS_DEPLOYMENT_TARGET = 15.2;
				MTL_ENABLE_DEBUG_INFO = INCLUDE_SOURCE;
				MTL_FAST_MATH = YES;
				ONLY_ACTIVE_ARCH = YES;
				SDKROOT = iphoneos;
				SWIFT_ACTIVE_COMPILATION_CONDITIONS = DEBUG;
				SWIFT_OPTIMIZATION_LEVEL = "-Onone";
			};
			name = Debug;
		};
		52E2337528384676005A0CEF /* Release */ = {
			isa = XCBuildConfiguration;
			buildSettings = {
				ALWAYS_SEARCH_USER_PATHS = NO;
				CLANG_ANALYZER_NONNULL = YES;
				CLANG_ANALYZER_NUMBER_OBJECT_CONVERSION = YES_AGGRESSIVE;
				CLANG_CXX_LANGUAGE_STANDARD = "gnu++17";
				CLANG_CXX_LIBRARY = "libc++";
				CLANG_ENABLE_MODULES = YES;
				CLANG_ENABLE_OBJC_ARC = YES;
				CLANG_ENABLE_OBJC_WEAK = YES;
				CLANG_WARN_BLOCK_CAPTURE_AUTORELEASING = YES;
				CLANG_WARN_BOOL_CONVERSION = YES;
				CLANG_WARN_COMMA = YES;
				CLANG_WARN_CONSTANT_CONVERSION = YES;
				CLANG_WARN_DEPRECATED_OBJC_IMPLEMENTATIONS = YES;
				CLANG_WARN_DIRECT_OBJC_ISA_USAGE = YES_ERROR;
				CLANG_WARN_DOCUMENTATION_COMMENTS = YES;
				CLANG_WARN_EMPTY_BODY = YES;
				CLANG_WARN_ENUM_CONVERSION = YES;
				CLANG_WARN_INFINITE_RECURSION = YES;
				CLANG_WARN_INT_CONVERSION = YES;
				CLANG_WARN_NON_LITERAL_NULL_CONVERSION = YES;
				CLANG_WARN_OBJC_IMPLICIT_RETAIN_SELF = YES;
				CLANG_WARN_OBJC_LITERAL_CONVERSION = YES;
				CLANG_WARN_OBJC_ROOT_CLASS = YES_ERROR;
				CLANG_WARN_QUOTED_INCLUDE_IN_FRAMEWORK_HEADER = YES;
				CLANG_WARN_RANGE_LOOP_ANALYSIS = YES;
				CLANG_WARN_STRICT_PROTOTYPES = YES;
				CLANG_WARN_SUSPICIOUS_MOVE = YES;
				CLANG_WARN_UNGUARDED_AVAILABILITY = YES_AGGRESSIVE;
				CLANG_WARN_UNREACHABLE_CODE = YES;
				CLANG_WARN__DUPLICATE_METHOD_MATCH = YES;
				COPY_PHASE_STRIP = NO;
				DEBUG_INFORMATION_FORMAT = "dwarf-with-dsym";
				ENABLE_NS_ASSERTIONS = NO;
				ENABLE_STRICT_OBJC_MSGSEND = YES;
				GCC_C_LANGUAGE_STANDARD = gnu11;
				GCC_NO_COMMON_BLOCKS = YES;
				GCC_WARN_64_TO_32_BIT_CONVERSION = YES;
				GCC_WARN_ABOUT_RETURN_TYPE = YES_ERROR;
				GCC_WARN_UNDECLARED_SELECTOR = YES;
				GCC_WARN_UNINITIALIZED_AUTOS = YES_AGGRESSIVE;
				GCC_WARN_UNUSED_FUNCTION = YES;
				GCC_WARN_UNUSED_VARIABLE = YES;
				IPHONEOS_DEPLOYMENT_TARGET = 15.2;
				MTL_ENABLE_DEBUG_INFO = NO;
				MTL_FAST_MATH = YES;
				SDKROOT = iphoneos;
				SWIFT_COMPILATION_MODE = wholemodule;
				SWIFT_OPTIMIZATION_LEVEL = "-O";
				VALIDATE_PRODUCT = YES;
			};
			name = Release;
		};
		52E2337728384676005A0CEF /* Debug */ = {
			isa = XCBuildConfiguration;
			baseConfigurationReference = 73FC546C0C969EE30BD60B8B /* Pods-Assignment.debug.xcconfig */;
			buildSettings = {
				ASSETCATALOG_COMPILER_APPICON_NAME = AppIcon;
				ASSETCATALOG_COMPILER_GLOBAL_ACCENT_COLOR_NAME = AccentColor;
				CODE_SIGN_STYLE = Automatic;
				CURRENT_PROJECT_VERSION = 1;
				DEVELOPMENT_TEAM = 7PUY2GP47P;
				GENERATE_INFOPLIST_FILE = YES;
				INFOPLIST_FILE = Assignment/Info.plist;
				INFOPLIST_KEY_UIApplicationSupportsIndirectInputEvents = YES;
				INFOPLIST_KEY_UILaunchStoryboardName = LaunchScreen;
				INFOPLIST_KEY_UIMainStoryboardFile = Main;
				INFOPLIST_KEY_UISupportedInterfaceOrientations_iPad = "UIInterfaceOrientationPortrait UIInterfaceOrientationPortraitUpsideDown UIInterfaceOrientationLandscapeLeft UIInterfaceOrientationLandscapeRight";
				INFOPLIST_KEY_UISupportedInterfaceOrientations_iPhone = "UIInterfaceOrientationPortrait UIInterfaceOrientationLandscapeLeft UIInterfaceOrientationLandscapeRight";
				LD_RUNPATH_SEARCH_PATHS = (
					"$(inherited)",
					"@executable_path/Frameworks",
				);
				MARKETING_VERSION = 1.0;
				PRODUCT_BUNDLE_IDENTIFIER = Bilal.Assignment;
				PRODUCT_NAME = "$(TARGET_NAME)";
				SWIFT_EMIT_LOC_STRINGS = YES;
				SWIFT_VERSION = 5.0;
				TARGETED_DEVICE_FAMILY = "1,2";
			};
			name = Debug;
		};
		52E2337828384676005A0CEF /* Release */ = {
			isa = XCBuildConfiguration;
			baseConfigurationReference = FD2DC9268023493DCF9538C4 /* Pods-Assignment.release.xcconfig */;
			buildSettings = {
				ASSETCATALOG_COMPILER_APPICON_NAME = AppIcon;
				ASSETCATALOG_COMPILER_GLOBAL_ACCENT_COLOR_NAME = AccentColor;
				CODE_SIGN_STYLE = Automatic;
				CURRENT_PROJECT_VERSION = 1;
				DEVELOPMENT_TEAM = 7PUY2GP47P;
				GENERATE_INFOPLIST_FILE = YES;
				INFOPLIST_FILE = Assignment/Info.plist;
				INFOPLIST_KEY_UIApplicationSupportsIndirectInputEvents = YES;
				INFOPLIST_KEY_UILaunchStoryboardName = LaunchScreen;
				INFOPLIST_KEY_UIMainStoryboardFile = Main;
				INFOPLIST_KEY_UISupportedInterfaceOrientations_iPad = "UIInterfaceOrientationPortrait UIInterfaceOrientationPortraitUpsideDown UIInterfaceOrientationLandscapeLeft UIInterfaceOrientationLandscapeRight";
				INFOPLIST_KEY_UISupportedInterfaceOrientations_iPhone = "UIInterfaceOrientationPortrait UIInterfaceOrientationLandscapeLeft UIInterfaceOrientationLandscapeRight";
				LD_RUNPATH_SEARCH_PATHS = (
					"$(inherited)",
					"@executable_path/Frameworks",
				);
				MARKETING_VERSION = 1.0;
				PRODUCT_BUNDLE_IDENTIFIER = Bilal.Assignment;
				PRODUCT_NAME = "$(TARGET_NAME)";
				SWIFT_EMIT_LOC_STRINGS = YES;
				SWIFT_VERSION = 5.0;
				TARGETED_DEVICE_FAMILY = "1,2";
			};
			name = Release;
		};
/* End XCBuildConfiguration section */

/* Begin XCConfigurationList section */
		52E2335D28384675005A0CEF /* Build configuration list for PBXProject "Assignment" */ = {
			isa = XCConfigurationList;
			buildConfigurations = (
				52E2337428384676005A0CEF /* Debug */,
				52E2337528384676005A0CEF /* Release */,
			);
			defaultConfigurationIsVisible = 0;
			defaultConfigurationName = Release;
		};
		52E2337628384676005A0CEF /* Build configuration list for PBXNativeTarget "Assignment" */ = {
			isa = XCConfigurationList;
			buildConfigurations = (
				52E2337728384676005A0CEF /* Debug */,
				52E2337828384676005A0CEF /* Release */,
			);
			defaultConfigurationIsVisible = 0;
			defaultConfigurationName = Release;
		};
/* End XCConfigurationList section */
	};
	rootObject = 52E2335A28384675005A0CEF /* Project object */;
}
